
Microsoft Visual Studio Solution File, Format Version 12.00
# Visual Studio Version 17
VisualStudioVersion = 17.11.35219.272
MinimumVisualStudioVersion = 10.0.40219.1
Project("{FAE04EC0-301F-11D3-BF4B-00C04F79EFBC}") = "Tarea2_Datos", "Tarea2_Datos\Tarea2_Datos.csproj", "{F48A4EBF-FD92-4A84-B6F9-CD51452151B5}"
EndProject
Project("{FAE04EC0-301F-11D3-BF4B-00C04F79EFBC}") = "PruebaTarea2", "PruebaTarea2\PruebaTarea2.csproj", "{FE889ED7-A860-476F-B2E4-C3408ED05CD1}"
	ProjectSection(ProjectDependencies) = postProject
		{F48A4EBF-FD92-4A84-B6F9-CD51452151B5} = {F48A4EBF-FD92-4A84-B6F9-CD51452151B5}
	EndProjectSection
EndProject
Global
	GlobalSection(SolutionConfigurationPlatforms) = preSolution
		Debug|Any CPU = Debug|Any CPU
		Release|Any CPU = Release|Any CPU
	EndGlobalSection
	GlobalSection(ProjectConfigurationPlatforms) = postSolution
		{F48A4EBF-FD92-4A84-B6F9-CD51452151B5}.Debug|Any CPU.ActiveCfg = Debug|Any CPU
		{F48A4EBF-FD92-4A84-B6F9-CD51452151B5}.Debug|Any CPU.Build.0 = Debug|Any CPU
		{F48A4EBF-FD92-4A84-B6F9-CD51452151B5}.Release|Any CPU.ActiveCfg = Release|Any CPU
		{F48A4EBF-FD92-4A84-B6F9-CD51452151B5}.Release|Any CPU.Build.0 = Release|Any CPU
		{FE889ED7-A860-476F-B2E4-C3408ED05CD1}.Debug|Any CPU.ActiveCfg = Debug|Any CPU
		{FE889ED7-A860-476F-B2E4-C3408ED05CD1}.Debug|Any CPU.Build.0 = Debug|Any CPU
		{FE889ED7-A860-476F-B2E4-C3408ED05CD1}.Release|Any CPU.ActiveCfg = Release|Any CPU
		{FE889ED7-A860-476F-B2E4-C3408ED05CD1}.Release|Any CPU.Build.0 = Release|Any CPU
	EndGlobalSection
	GlobalSection(SolutionProperties) = preSolution
		HideSolutionNode = FALSE
	EndGlobalSection
	GlobalSection(ExtensibilityGlobals) = postSolution
		SolutionGuid = {A6F0DBAD-A5D3-4660-8E0B-FADA380663D0}
	EndGlobalSection
EndGlobal
